
Microsoft Visual Studio Solution File, Format Version 12.00
# Visual Studio 2013
VisualStudioVersion = 12.0.31101.0
MinimumVisualStudioVersion = 10.0.40219.1
Project("{FAE04EC0-301F-11D3-BF4B-00C04F79EFBC}") = "AuthenticatedRobot", "AuthenticatedRobot\AuthenticatedRobot.csproj", "{8BBB76D5-C2BD-44F8-9104-891B94038D8C}"
EndProject
Global
	GlobalSection(SolutionConfigurationPlatforms) = preSolution
		Debug|Any CPU = Debug|Any CPU
		Release|Any CPU = Release|Any CPU
	EndGlobalSection
	GlobalSection(ProjectConfigurationPlatforms) = postSolution
		{8BBB76D5-C2BD-44F8-9104-891B94038D8C}.Debug|Any CPU.ActiveCfg = Debug|Any CPU
		{8BBB76D5-C2BD-44F8-9104-891B94038D8C}.Debug|Any CPU.Build.0 = Debug|Any CPU
		{8BBB76D5-C2BD-44F8-9104-891B94038D8C}.Release|Any CPU.ActiveCfg = Release|Any CPU
		{8BBB76D5-C2BD-44F8-9104-891B94038D8C}.Release|Any CPU.Build.0 = Release|Any CPU
	EndGlobalSection
	GlobalSection(SolutionProperties) = preSolution
		HideSolutionNode = FALSE
	EndGlobalSection
EndGlobal
